
Microsoft Visual Studio Solution File, Format Version 12.00
# Visual Studio Version 16
VisualStudioVersion = 25.0.1706.5
MinimumVisualStudioVersion = 10.0.40219.1
Project("{FAE04EC0-301F-11D3-BF4B-00C04F79EFBC}") = "CrossPlatformUI", "CrossPlatformUI\CrossPlatformUI.csproj", "{939998C4-59D6-4E30-A4D4-2F6859D310B0}"
EndProject
Project("{FAE04EC0-301F-11D3-BF4B-00C04F79EFBC}") = "CrossPlatformUITests", "CrossPlatformUITests\CrossPlatformUITests.csproj", "{31D17F91-03A6-49E3-B74A-2A151077F3F3}"
EndProject
Global
	GlobalSection(SolutionConfigurationPlatforms) = preSolution
		Debug|Any CPU = Debug|Any CPU
		Release|Any CPU = Release|Any CPU
	EndGlobalSection
	GlobalSection(ProjectConfigurationPlatforms) = postSolution
		{939998C4-59D6-4E30-A4D4-2F6859D310B0}.Debug|Any CPU.ActiveCfg = Debug|Any CPU
		{939998C4-59D6-4E30-A4D4-2F6859D310B0}.Debug|Any CPU.Build.0 = Debug|Any CPU
		{939998C4-59D6-4E30-A4D4-2F6859D310B0}.Release|Any CPU.ActiveCfg = Release|Any CPU
		{939998C4-59D6-4E30-A4D4-2F6859D310B0}.Release|Any CPU.Build.0 = Release|Any CPU
		{31D17F91-03A6-49E3-B74A-2A151077F3F3}.Debug|Any CPU.ActiveCfg = Debug|Any CPU
		{31D17F91-03A6-49E3-B74A-2A151077F3F3}.Debug|Any CPU.Build.0 = Debug|Any CPU
		{31D17F91-03A6-49E3-B74A-2A151077F3F3}.Release|Any CPU.ActiveCfg = Release|Any CPU
		{31D17F91-03A6-49E3-B74A-2A151077F3F3}.Release|Any CPU.Build.0 = Release|Any CPU
	EndGlobalSection
	GlobalSection(SolutionProperties) = preSolution
		HideSolutionNode = FALSE
	EndGlobalSection
	GlobalSection(ExtensibilityGlobals) = postSolution
		SolutionGuid = {78F67F8B-B35E-4EE2-BB8E-402605F0F3B7}
	EndGlobalSection
	GlobalSection(MonoDevelopProperties) = preSolution
		Policies = $0
		$0.DotNetNamingPolicy = $1
		$1.DirectoryNamespaceAssociation = PrefixedHierarchical
	EndGlobalSection
EndGlobal
